
Microsoft Visual Studio Solution File, Format Version 12.00
# Visual Studio Version 17
VisualStudioVersion = 17.13.35919.96 d17.13
MinimumVisualStudioVersion = 10.0.40219.1
Project("{FAE04EC0-301F-11D3-BF4B-00C04F79EFBC}") = "Custom_Adaptor", "Custom_Adaptor.csproj", "{1FA05D43-DAB0-4107-8346-3ECBE2DF2EBE}"
EndProject
Global
	GlobalSection(SolutionConfigurationPlatforms) = preSolution
		Debug|Any CPU = Debug|Any CPU
		Release|Any CPU = Release|Any CPU
	EndGlobalSection
	GlobalSection(ProjectConfigurationPlatforms) = postSolution
		{1FA05D43-DAB0-4107-8346-3ECBE2DF2EBE}.Debug|Any CPU.ActiveCfg = Debug|Any CPU
		{1FA05D43-DAB0-4107-8346-3ECBE2DF2EBE}.Debug|Any CPU.Build.0 = Debug|Any CPU
		{1FA05D43-DAB0-4107-8346-3ECBE2DF2EBE}.Release|Any CPU.ActiveCfg = Release|Any CPU
		{1FA05D43-DAB0-4107-8346-3ECBE2DF2EBE}.Release|Any CPU.Build.0 = Release|Any CPU
	EndGlobalSection
	GlobalSection(SolutionProperties) = preSolution
		HideSolutionNode = FALSE
	EndGlobalSection
	GlobalSection(ExtensibilityGlobals) = postSolution
		SolutionGuid = {BE800311-B1D4-4640-81E0-6CF271FA3E3A}
	EndGlobalSection
EndGlobal
